
Microsoft Visual Studio Solution File, Format Version 12.00
# Visual Studio 2013
VisualStudioVersion = 12.0.20623.1 VSUPREVIEW
MinimumVisualStudioVersion = 10.0.40219.1
Project("{FAE04EC0-301F-11D3-BF4B-00C04F79EFBC}") = "Models", "Models\Models.csproj", "{DF36432C-F03B-424C-838E-3FBD96B97D62}"
EndProject
Project("{FAE04EC0-301F-11D3-BF4B-00C04F79EFBC}") = "Tests", "Tests\Tests.csproj", "{58132304-4F06-43F9-8B8E-92E5D39C3D4C}"
EndProject
Global
	GlobalSection(SolutionConfigurationPlatforms) = preSolution
		Debug|Any CPU = Debug|Any CPU
		Release|Any CPU = Release|Any CPU
	EndGlobalSection
	GlobalSection(ProjectConfigurationPlatforms) = postSolution
		{DF36432C-F03B-424C-838E-3FBD96B97D62}.Debug|Any CPU.ActiveCfg = Debug|Any CPU
		{DF36432C-F03B-424C-838E-3FBD96B97D62}.Debug|Any CPU.Build.0 = Debug|Any CPU
		{DF36432C-F03B-424C-838E-3FBD96B97D62}.Release|Any CPU.ActiveCfg = Release|Any CPU
		{DF36432C-F03B-424C-838E-3FBD96B97D62}.Release|Any CPU.Build.0 = Release|Any CPU
		{58132304-4F06-43F9-8B8E-92E5D39C3D4C}.Debug|Any CPU.ActiveCfg = Debug|Any CPU
		{58132304-4F06-43F9-8B8E-92E5D39C3D4C}.Debug|Any CPU.Build.0 = Debug|Any CPU
		{58132304-4F06-43F9-8B8E-92E5D39C3D4C}.Release|Any CPU.ActiveCfg = Release|Any CPU
		{58132304-4F06-43F9-8B8E-92E5D39C3D4C}.Release|Any CPU.Build.0 = Release|Any CPU
	EndGlobalSection
	GlobalSection(SolutionProperties) = preSolution
		HideSolutionNode = FALSE
	EndGlobalSection
EndGlobal
